
Microsoft Visual Studio Solution File, Format Version 12.00
# Visual Studio 14
VisualStudioVersion = 14.0.25420.1
MinimumVisualStudioVersion = 10.0.40219.1
Project("{FAE04EC0-301F-11D3-BF4B-00C04F79EFBC}") = "DataManager", "DataManager\DataManager.csproj", "{700C4A88-0436-4275-A0DC-89B9D6566F5E}"
EndProject
Project("{00D1A9C2-B5F0-4AF3-8072-F6C62B433612}") = "SMData", "SMData\SMData.sqlproj", "{3E648BD5-0ED4-4F6E-B184-124253180140}"
EndProject
Global
	GlobalSection(SolutionConfigurationPlatforms) = preSolution
		Debug|Any CPU = Debug|Any CPU
		Release|Any CPU = Release|Any CPU
	EndGlobalSection
	GlobalSection(ProjectConfigurationPlatforms) = postSolution
		{700C4A88-0436-4275-A0DC-89B9D6566F5E}.Debug|Any CPU.ActiveCfg = Debug|Any CPU
		{700C4A88-0436-4275-A0DC-89B9D6566F5E}.Debug|Any CPU.Build.0 = Debug|Any CPU
		{700C4A88-0436-4275-A0DC-89B9D6566F5E}.Release|Any CPU.ActiveCfg = Release|Any CPU
		{700C4A88-0436-4275-A0DC-89B9D6566F5E}.Release|Any CPU.Build.0 = Release|Any CPU
		{3E648BD5-0ED4-4F6E-B184-124253180140}.Debug|Any CPU.ActiveCfg = Debug|Any CPU
		{3E648BD5-0ED4-4F6E-B184-124253180140}.Debug|Any CPU.Build.0 = Debug|Any CPU
		{3E648BD5-0ED4-4F6E-B184-124253180140}.Debug|Any CPU.Deploy.0 = Debug|Any CPU
		{3E648BD5-0ED4-4F6E-B184-124253180140}.Release|Any CPU.ActiveCfg = Release|Any CPU
		{3E648BD5-0ED4-4F6E-B184-124253180140}.Release|Any CPU.Build.0 = Release|Any CPU
		{3E648BD5-0ED4-4F6E-B184-124253180140}.Release|Any CPU.Deploy.0 = Release|Any CPU
	EndGlobalSection
	GlobalSection(SolutionProperties) = preSolution
		HideSolutionNode = FALSE
	EndGlobalSection
	GlobalSection(ExtensibilityGlobals) = postSolution
		SolutionGuid = {65F99222-0F47-4040-B1B3-5B02D1A77526}
	EndGlobalSection
EndGlobal
